
Microsoft Visual Studio Solution File, Format Version 12.00
# Visual Studio Version 17
VisualStudioVersion = 17.0.31903.59
MinimumVisualStudioVersion = 10.0.40219.1
Project("{FAE04EC0-301F-11D3-BF4B-00C04F79EFBC}") = "WB.Disposable", "src\WB.Disposable.csproj", "{CE85F462-2E92-4549-840D-2B680BD1A1A0}"
EndProject
Project("{2150E333-8FDC-42A3-9474-1A3956D46DE8}") = "tests", "tests", "{5690DBBA-AC8F-46BD-B881-72E39DA26449}"
EndProject
Project("{2150E333-8FDC-42A3-9474-1A3956D46DE8}") = "DisposableObjectTests", "DisposableObjectTests", "{4A7775A7-113C-4018-B917-84D592F670EA}"
EndProject
Project("{FAE04EC0-301F-11D3-BF4B-00C04F79EFBC}") = "DisposableObjectTests", "tests\DisposableObjectTests\src\DisposableObjectTests.csproj", "{F61246FE-080B-4B7B-994B-212CF69629DF}"
EndProject
Project("{2150E333-8FDC-42A3-9474-1A3956D46DE8}") = "ActionDisposableTests", "ActionDisposableTests", "{A824DE9B-7755-4BCA-932F-5019D0476863}"
EndProject
Project("{FAE04EC0-301F-11D3-BF4B-00C04F79EFBC}") = "ActionDisposableTests", "tests\ActionDisposableTests\src\ActionDisposableTests.csproj", "{D2A87EF4-C9B7-4D03-936C-437C811CFC29}"
EndProject
Project("{2150E333-8FDC-42A3-9474-1A3956D46DE8}") = "DisposableListTests", "DisposableListTests", "{770EF9D9-4E8A-496E-883F-5353A3F9655D}"
EndProject
Project("{FAE04EC0-301F-11D3-BF4B-00C04F79EFBC}") = "DisposableListTests", "tests\DisposableListTests\src\DisposableListTests.csproj", "{1687AA53-AA29-4705-83F0-241AA1567B7D}"
EndProject
Global
	GlobalSection(SolutionConfigurationPlatforms) = preSolution
		Debug|Any CPU = Debug|Any CPU
		Release|Any CPU = Release|Any CPU
	EndGlobalSection
	GlobalSection(ProjectConfigurationPlatforms) = postSolution
		{CE85F462-2E92-4549-840D-2B680BD1A1A0}.Debug|Any CPU.ActiveCfg = Debug|Any CPU
		{CE85F462-2E92-4549-840D-2B680BD1A1A0}.Debug|Any CPU.Build.0 = Debug|Any CPU
		{CE85F462-2E92-4549-840D-2B680BD1A1A0}.Release|Any CPU.ActiveCfg = Release|Any CPU
		{CE85F462-2E92-4549-840D-2B680BD1A1A0}.Release|Any CPU.Build.0 = Release|Any CPU
		{F61246FE-080B-4B7B-994B-212CF69629DF}.Debug|Any CPU.ActiveCfg = Debug|Any CPU
		{F61246FE-080B-4B7B-994B-212CF69629DF}.Debug|Any CPU.Build.0 = Debug|Any CPU
		{F61246FE-080B-4B7B-994B-212CF69629DF}.Release|Any CPU.ActiveCfg = Release|Any CPU
		{F61246FE-080B-4B7B-994B-212CF69629DF}.Release|Any CPU.Build.0 = Release|Any CPU
		{D2A87EF4-C9B7-4D03-936C-437C811CFC29}.Debug|Any CPU.ActiveCfg = Debug|Any CPU
		{D2A87EF4-C9B7-4D03-936C-437C811CFC29}.Debug|Any CPU.Build.0 = Debug|Any CPU
		{D2A87EF4-C9B7-4D03-936C-437C811CFC29}.Release|Any CPU.ActiveCfg = Release|Any CPU
		{D2A87EF4-C9B7-4D03-936C-437C811CFC29}.Release|Any CPU.Build.0 = Release|Any CPU
		{1687AA53-AA29-4705-83F0-241AA1567B7D}.Debug|Any CPU.ActiveCfg = Debug|Any CPU
		{1687AA53-AA29-4705-83F0-241AA1567B7D}.Debug|Any CPU.Build.0 = Debug|Any CPU
		{1687AA53-AA29-4705-83F0-241AA1567B7D}.Release|Any CPU.ActiveCfg = Release|Any CPU
		{1687AA53-AA29-4705-83F0-241AA1567B7D}.Release|Any CPU.Build.0 = Release|Any CPU
	EndGlobalSection
	GlobalSection(SolutionProperties) = preSolution
		HideSolutionNode = FALSE
	EndGlobalSection
	GlobalSection(NestedProjects) = preSolution
		{4A7775A7-113C-4018-B917-84D592F670EA} = {5690DBBA-AC8F-46BD-B881-72E39DA26449}
		{F61246FE-080B-4B7B-994B-212CF69629DF} = {4A7775A7-113C-4018-B917-84D592F670EA}
		{A824DE9B-7755-4BCA-932F-5019D0476863} = {5690DBBA-AC8F-46BD-B881-72E39DA26449}
		{D2A87EF4-C9B7-4D03-936C-437C811CFC29} = {A824DE9B-7755-4BCA-932F-5019D0476863}
		{770EF9D9-4E8A-496E-883F-5353A3F9655D} = {5690DBBA-AC8F-46BD-B881-72E39DA26449}
		{1687AA53-AA29-4705-83F0-241AA1567B7D} = {770EF9D9-4E8A-496E-883F-5353A3F9655D}
	EndGlobalSection
EndGlobal
